
Microsoft Visual Studio Solution File, Format Version 12.00
# Visual Studio 15
Project("{FAE04EC0-301F-11D3-BF4B-00C04F79EFBC}") = "Assembly-CSharp", "Assembly-CSharp.csproj", "{BC7DDA81-AC89-0ABF-3DA7-F55A94832537}"
EndProject
Project("{FAE04EC0-301F-11D3-BF4B-00C04F79EFBC}") = "Assembly-CSharp-Editor", "Assembly-CSharp-Editor.csproj", "{C874C133-F8C1-DC5C-DA43-0878D03D4720}"
EndProject
Global
	GlobalSection(SolutionConfigurationPlatforms) = preSolution
		Debug|Any CPU = Debug|Any CPU
		Release|Any CPU = Release|Any CPU
	EndGlobalSection
	GlobalSection(ProjectConfigurationPlatforms) = postSolution
		{BC7DDA81-AC89-0ABF-3DA7-F55A94832537}.Debug|Any CPU.ActiveCfg = Debug|Any CPU
		{BC7DDA81-AC89-0ABF-3DA7-F55A94832537}.Debug|Any CPU.Build.0 = Debug|Any CPU
		{BC7DDA81-AC89-0ABF-3DA7-F55A94832537}.Release|Any CPU.ActiveCfg = Release|Any CPU
		{BC7DDA81-AC89-0ABF-3DA7-F55A94832537}.Release|Any CPU.Build.0 = Release|Any CPU
		{C874C133-F8C1-DC5C-DA43-0878D03D4720}.Debug|Any CPU.ActiveCfg = Debug|Any CPU
		{C874C133-F8C1-DC5C-DA43-0878D03D4720}.Debug|Any CPU.Build.0 = Debug|Any CPU
		{C874C133-F8C1-DC5C-DA43-0878D03D4720}.Release|Any CPU.ActiveCfg = Release|Any CPU
		{C874C133-F8C1-DC5C-DA43-0878D03D4720}.Release|Any CPU.Build.0 = Release|Any CPU
	EndGlobalSection
	GlobalSection(SolutionProperties) = preSolution
		HideSolutionNode = FALSE
	EndGlobalSection
EndGlobal
